
Microsoft Visual Studio Solution File, Format Version 12.00
# Visual Studio Version 17
VisualStudioVersion = 17.5.33530.505
MinimumVisualStudioVersion = 10.0.40219.1
Project("{9A19103F-16F7-4668-BE54-9A1E7A4F7556}") = "FizzBuzzWebApplication", "FizzBuzzWebApplication\FizzBuzzWebApplication.csproj", "{4922EF1F-EA05-46A5-8D3E-07A4E87AAD5F}"
EndProject
Project("{FAE04EC0-301F-11D3-BF4B-00C04F79EFBC}") = "FizzBuzzCalculatorTests", "FizzBuzzCalculatorTests\FizzBuzzCalculatorTests.csproj", "{7802C71B-19BA-44A5-9FCA-CD364451A885}"
EndProject
Global
	GlobalSection(SolutionConfigurationPlatforms) = preSolution
		Debug|Any CPU = Debug|Any CPU
		Release|Any CPU = Release|Any CPU
	EndGlobalSection
	GlobalSection(ProjectConfigurationPlatforms) = postSolution
		{4922EF1F-EA05-46A5-8D3E-07A4E87AAD5F}.Debug|Any CPU.ActiveCfg = Debug|Any CPU
		{4922EF1F-EA05-46A5-8D3E-07A4E87AAD5F}.Debug|Any CPU.Build.0 = Debug|Any CPU
		{4922EF1F-EA05-46A5-8D3E-07A4E87AAD5F}.Release|Any CPU.ActiveCfg = Release|Any CPU
		{4922EF1F-EA05-46A5-8D3E-07A4E87AAD5F}.Release|Any CPU.Build.0 = Release|Any CPU
		{7802C71B-19BA-44A5-9FCA-CD364451A885}.Debug|Any CPU.ActiveCfg = Debug|Any CPU
		{7802C71B-19BA-44A5-9FCA-CD364451A885}.Debug|Any CPU.Build.0 = Debug|Any CPU
		{7802C71B-19BA-44A5-9FCA-CD364451A885}.Release|Any CPU.ActiveCfg = Release|Any CPU
		{7802C71B-19BA-44A5-9FCA-CD364451A885}.Release|Any CPU.Build.0 = Release|Any CPU
	EndGlobalSection
	GlobalSection(SolutionProperties) = preSolution
		HideSolutionNode = FALSE
	EndGlobalSection
	GlobalSection(ExtensibilityGlobals) = postSolution
		SolutionGuid = {6F9FAACF-9102-469A-B811-DAD8E0F82BD2}
	EndGlobalSection
EndGlobal
